// !$*UTF8*$!
{
	archiveVersion = 1;
	classes = {
	};
	objectVersion = 56;
	objects = {

/* Begin PBXBuildFile section */
		E4385BFC2B911D7400C3C5E3 /* TitleCollectionViewCell.swift in Sources */ = {isa = PBXBuildFile; fileRef = E4385BFB2B911D7400C3C5E3 /* TitleCollectionViewCell.swift */; };
		E4385BFF2B911F8800C3C5E3 /* SDWebImage in Frameworks */ = {isa = PBXBuildFile; productRef = E4385BFE2B911F8800C3C5E3 /* SDWebImage */; };
		E4385C012B911F8800C3C5E3 /* SDWebImageMapKit in Frameworks */ = {isa = PBXBuildFile; productRef = E4385C002B911F8800C3C5E3 /* SDWebImageMapKit */; };
		E478DAF72B8F73CB00BC24AB /* HomeViewController.swift in Sources */ = {isa = PBXBuildFile; fileRef = E478DAF32B8F73CB00BC24AB /* HomeViewController.swift */; };
		E478DAF82B8F73CB00BC24AB /* UpcomingViewController.swift in Sources */ = {isa = PBXBuildFile; fileRef = E478DAF42B8F73CB00BC24AB /* UpcomingViewController.swift */; };
		E478DAF92B8F73CB00BC24AB /* SearchViewController.swift in Sources */ = {isa = PBXBuildFile; fileRef = E478DAF52B8F73CB00BC24AB /* SearchViewController.swift */; };
		E478DAFA2B8F73CB00BC24AB /* DownloadsViewController.swift in Sources */ = {isa = PBXBuildFile; fileRef = E478DAF62B8F73CB00BC24AB /* DownloadsViewController.swift */; };
		E478DAFF2B8F743B00BC24AB /* CollectionViewTableViewCell.swift in Sources */ = {isa = PBXBuildFile; fileRef = E478DAFE2B8F743B00BC24AB /* CollectionViewTableViewCell.swift */; };
		E4A3E5892B93C0360061EBBF /* SearchResultsViewController.swift in Sources */ = {isa = PBXBuildFile; fileRef = E4A3E5882B93C0360061EBBF /* SearchResultsViewController.swift */; };
		E4A5E9402B8E8720007A213D /* AppDelegate.swift in Sources */ = {isa = PBXBuildFile; fileRef = E4A5E93F2B8E8720007A213D /* AppDelegate.swift */; };
		E4A5E9422B8E8720007A213D /* SceneDelegate.swift in Sources */ = {isa = PBXBuildFile; fileRef = E4A5E9412B8E8720007A213D /* SceneDelegate.swift */; };
		E4A5E9442B8E8720007A213D /* MainTabViewController.swift in Sources */ = {isa = PBXBuildFile; fileRef = E4A5E9432B8E8720007A213D /* MainTabViewController.swift */; };
		E4A5E9492B8E8721007A213D /* Assets.xcassets in Resources */ = {isa = PBXBuildFile; fileRef = E4A5E9482B8E8721007A213D /* Assets.xcassets */; };
		E4DF23EF2B90F8BA00401B6A /* APICaller.swift in Sources */ = {isa = PBXBuildFile; fileRef = E4DF23EE2B90F8BA00401B6A /* APICaller.swift */; };
		E4DF23F22B90FFA000401B6A /* Title.swift in Sources */ = {isa = PBXBuildFile; fileRef = E4DF23F12B90FFA000401B6A /* Title.swift */; };
		E4DF23F52B91040200401B6A /* Extensions.swift in Sources */ = {isa = PBXBuildFile; fileRef = E4DF23F42B91040200401B6A /* Extensions.swift */; };
		E4E1B3CD2B8F854D00FE357A /* HeroHeaderView.swift in Sources */ = {isa = PBXBuildFile; fileRef = E4E1B3CC2B8F854D00FE357A /* HeroHeaderView.swift */; };
		E4EE1DE02B934BFD00E30292 /* TitleTableViewCell.swift in Sources */ = {isa = PBXBuildFile; fileRef = E4EE1DDF2B934BFD00E30292 /* TitleTableViewCell.swift */; };
		E4EE1DE22B934F9700E30292 /* TitleViewModel.swift in Sources */ = {isa = PBXBuildFile; fileRef = E4EE1DE12B934F9700E30292 /* TitleViewModel.swift */; };
/* End PBXBuildFile section */

/* Begin PBXFileReference section */
		E4385BFB2B911D7400C3C5E3 /* TitleCollectionViewCell.swift */ = {isa = PBXFileReference; lastKnownFileType = sourcecode.swift; path = TitleCollectionViewCell.swift; sourceTree = "<group>"; };
		E478DAF32B8F73CB00BC24AB /* HomeViewController.swift */ = {isa = PBXFileReference; fileEncoding = 4; lastKnownFileType = sourcecode.swift; path = HomeViewController.swift; sourceTree = "<group>"; };
		E478DAF42B8F73CB00BC24AB /* UpcomingViewController.swift */ = {isa = PBXFileReference; fileEncoding = 4; lastKnownFileType = sourcecode.swift; path = UpcomingViewController.swift; sourceTree = "<group>"; };
		E478DAF52B8F73CB00BC24AB /* SearchViewController.swift */ = {isa = PBXFileReference; fileEncoding = 4; lastKnownFileType = sourcecode.swift; path = SearchViewController.swift; sourceTree = "<group>"; };
		E478DAF62B8F73CB00BC24AB /* DownloadsViewController.swift */ = {isa = PBXFileReference; fileEncoding = 4; lastKnownFileType = sourcecode.swift; path = DownloadsViewController.swift; sourceTree = "<group>"; };
		E478DAFE2B8F743B00BC24AB /* CollectionViewTableViewCell.swift */ = {isa = PBXFileReference; fileEncoding = 4; lastKnownFileType = sourcecode.swift; path = CollectionViewTableViewCell.swift; sourceTree = "<group>"; };
		E4A3E5882B93C0360061EBBF /* SearchResultsViewController.swift */ = {isa = PBXFileReference; lastKnownFileType = sourcecode.swift; path = SearchResultsViewController.swift; sourceTree = "<group>"; };
		E4A5E93C2B8E8720007A213D /* Netflix Clone.app */ = {isa = PBXFileReference; explicitFileType = wrapper.application; includeInIndex = 0; path = "Netflix Clone.app"; sourceTree = BUILT_PRODUCTS_DIR; };
		E4A5E93F2B8E8720007A213D /* AppDelegate.swift */ = {isa = PBXFileReference; lastKnownFileType = sourcecode.swift; path = AppDelegate.swift; sourceTree = "<group>"; };
		E4A5E9412B8E8720007A213D /* SceneDelegate.swift */ = {isa = PBXFileReference; lastKnownFileType = sourcecode.swift; path = SceneDelegate.swift; sourceTree = "<group>"; };
		E4A5E9432B8E8720007A213D /* MainTabViewController.swift */ = {isa = PBXFileReference; lastKnownFileType = sourcecode.swift; path = MainTabViewController.swift; sourceTree = "<group>"; };
		E4A5E9482B8E8721007A213D /* Assets.xcassets */ = {isa = PBXFileReference; lastKnownFileType = folder.assetcatalog; path = Assets.xcassets; sourceTree = "<group>"; };
		E4A5E94D2B8E8721007A213D /* Info.plist */ = {isa = PBXFileReference; lastKnownFileType = text.plist.xml; path = Info.plist; sourceTree = "<group>"; };
		E4DF23EE2B90F8BA00401B6A /* APICaller.swift */ = {isa = PBXFileReference; lastKnownFileType = sourcecode.swift; path = APICaller.swift; sourceTree = "<group>"; };
		E4DF23F12B90FFA000401B6A /* Title.swift */ = {isa = PBXFileReference; lastKnownFileType = sourcecode.swift; path = Title.swift; sourceTree = "<group>"; };
		E4DF23F42B91040200401B6A /* Extensions.swift */ = {isa = PBXFileReference; lastKnownFileType = sourcecode.swift; path = Extensions.swift; sourceTree = "<group>"; };
		E4E1B3CC2B8F854D00FE357A /* HeroHeaderView.swift */ = {isa = PBXFileReference; lastKnownFileType = sourcecode.swift; path = HeroHeaderView.swift; sourceTree = "<group>"; };
		E4EE1DDF2B934BFD00E30292 /* TitleTableViewCell.swift */ = {isa = PBXFileReference; lastKnownFileType = sourcecode.swift; path = TitleTableViewCell.swift; sourceTree = "<group>"; };
		E4EE1DE12B934F9700E30292 /* TitleViewModel.swift */ = {isa = PBXFileReference; lastKnownFileType = sourcecode.swift; path = TitleViewModel.swift; sourceTree = "<group>"; };
/* End PBXFileReference section */

/* Begin PBXFrameworksBuildPhase section */
		E4A5E9392B8E8720007A213D /* Frameworks */ = {
			isa = PBXFrameworksBuildPhase;
			buildActionMask = 2147483647;
			files = (
				E4385C012B911F8800C3C5E3 /* SDWebImageMapKit in Frameworks */,
				E4385BFF2B911F8800C3C5E3 /* SDWebImage in Frameworks */,
			);
			runOnlyForDeploymentPostprocessing = 0;
		};
/* End PBXFrameworksBuildPhase section */

/* Begin PBXGroup section */
		E478DAF22B8F73BC00BC24AB /* Controllers */ = {
			isa = PBXGroup;
			children = (
				E4A3E58B2B93C08A0061EBBF /* General */,
				E4A3E58A2B93C07E0061EBBF /* Core */,
			);
			path = Controllers;
			sourceTree = "<group>";
		};
		E478DAFB2B8F73FE00BC24AB /* Resources */ = {
			isa = PBXGroup;
			children = (
				E4DF23F42B91040200401B6A /* Extensions.swift */,
			);
			path = Resources;
			sourceTree = "<group>";
		};
		E478DAFC2B8F741300BC24AB /* Managers */ = {
			isa = PBXGroup;
			children = (
				E4DF23EE2B90F8BA00401B6A /* APICaller.swift */,
			);
			path = Managers;
			sourceTree = "<group>";
		};
		E478DAFD2B8F743100BC24AB /* Views */ = {
			isa = PBXGroup;
			children = (
				E478DAFE2B8F743B00BC24AB /* CollectionViewTableViewCell.swift */,
				E4E1B3CC2B8F854D00FE357A /* HeroHeaderView.swift */,
				E4385BFB2B911D7400C3C5E3 /* TitleCollectionViewCell.swift */,
				E4EE1DDF2B934BFD00E30292 /* TitleTableViewCell.swift */,
			);
			path = Views;
			sourceTree = "<group>";
		};
		E478DB002B8F747400BC24AB /* Models */ = {
			isa = PBXGroup;
			children = (
				E4DF23F12B90FFA000401B6A /* Title.swift */,
			);
			path = Models;
			sourceTree = "<group>";
		};
		E478DB012B8F749700BC24AB /* View Models */ = {
			isa = PBXGroup;
			children = (
				E4EE1DE12B934F9700E30292 /* TitleViewModel.swift */,
			);
			path = "View Models";
			sourceTree = "<group>";
		};
		E4A3E58A2B93C07E0061EBBF /* Core */ = {
			isa = PBXGroup;
			children = (
				E478DAF32B8F73CB00BC24AB /* HomeViewController.swift */,
				E478DAF42B8F73CB00BC24AB /* UpcomingViewController.swift */,
				E478DAF52B8F73CB00BC24AB /* SearchViewController.swift */,
				E478DAF62B8F73CB00BC24AB /* DownloadsViewController.swift */,
				E4A5E9432B8E8720007A213D /* MainTabViewController.swift */,
			);
			path = Core;
			sourceTree = "<group>";
		};
		E4A3E58B2B93C08A0061EBBF /* General */ = {
			isa = PBXGroup;
			children = (
				E4A3E5882B93C0360061EBBF /* SearchResultsViewController.swift */,
			);
			path = General;
			sourceTree = "<group>";
		};
		E4A5E9332B8E8720007A213D = {
			isa = PBXGroup;
			children = (
				E4A5E93E2B8E8720007A213D /* Netflix Clone */,
				E4A5E93D2B8E8720007A213D /* Products */,
			);
			sourceTree = "<group>";
		};
		E4A5E93D2B8E8720007A213D /* Products */ = {
			isa = PBXGroup;
			children = (
				E4A5E93C2B8E8720007A213D /* Netflix Clone.app */,
			);
			name = Products;
			sourceTree = "<group>";
		};
		E4A5E93E2B8E8720007A213D /* Netflix Clone */ = {
			isa = PBXGroup;
			children = (
				E4DF23F02B90FCD100401B6A /* AppDelegate */,
				E478DAFC2B8F741300BC24AB /* Managers */,
				E478DAFB2B8F73FE00BC24AB /* Resources */,
				E478DB002B8F747400BC24AB /* Models */,
				E478DAFD2B8F743100BC24AB /* Views */,
				E478DB012B8F749700BC24AB /* View Models */,
				E478DAF22B8F73BC00BC24AB /* Controllers */,
				E4A5E9482B8E8721007A213D /* Assets.xcassets */,
				E4A5E94D2B8E8721007A213D /* Info.plist */,
			);
			path = "Netflix Clone";
			sourceTree = "<group>";
		};
		E4DF23F02B90FCD100401B6A /* AppDelegate */ = {
			isa = PBXGroup;
			children = (
				E4A5E93F2B8E8720007A213D /* AppDelegate.swift */,
				E4A5E9412B8E8720007A213D /* SceneDelegate.swift */,
			);
			path = AppDelegate;
			sourceTree = "<group>";
		};
/* End PBXGroup section */

/* Begin PBXNativeTarget section */
		E4A5E93B2B8E8720007A213D /* Netflix Clone */ = {
			isa = PBXNativeTarget;
			buildConfigurationList = E4A5E9502B8E8721007A213D /* Build configuration list for PBXNativeTarget "Netflix Clone" */;
			buildPhases = (
				E4A5E9382B8E8720007A213D /* Sources */,
				E4A5E9392B8E8720007A213D /* Frameworks */,
				E4A5E93A2B8E8720007A213D /* Resources */,
			);
			buildRules = (
			);
			dependencies = (
			);
			name = "Netflix Clone";
			packageProductDependencies = (
				E4385BFE2B911F8800C3C5E3 /* SDWebImage */,
				E4385C002B911F8800C3C5E3 /* SDWebImageMapKit */,
			);
			productName = "Netflix Clone";
			productReference = E4A5E93C2B8E8720007A213D /* Netflix Clone.app */;
			productType = "com.apple.product-type.application";
		};
/* End PBXNativeTarget section */

/* Begin PBXProject section */
		E4A5E9342B8E8720007A213D /* Project object */ = {
			isa = PBXProject;
			attributes = {
				BuildIndependentTargetsInParallel = 1;
				LastSwiftUpdateCheck = 1520;
				LastUpgradeCheck = 1520;
				TargetAttributes = {
					E4A5E93B2B8E8720007A213D = {
						CreatedOnToolsVersion = 15.2;
					};
				};
			};
			buildConfigurationList = E4A5E9372B8E8720007A213D /* Build configuration list for PBXProject "Netflix Clone" */;
			compatibilityVersion = "Xcode 14.0";
			developmentRegion = en;
			hasScannedForEncodings = 0;
			knownRegions = (
				en,
				Base,
			);
			mainGroup = E4A5E9332B8E8720007A213D;
			packageReferences = (
				E4385BFD2B911F8800C3C5E3 /* XCRemoteSwiftPackageReference "SDWebImage" */,
			);
			productRefGroup = E4A5E93D2B8E8720007A213D /* Products */;
			projectDirPath = "";
			projectRoot = "";
			targets = (
				E4A5E93B2B8E8720007A213D /* Netflix Clone */,
			);
		};
/* End PBXProject section */

/* Begin PBXResourcesBuildPhase section */
		E4A5E93A2B8E8720007A213D /* Resources */ = {
			isa = PBXResourcesBuildPhase;
			buildActionMask = 2147483647;
			files = (
				E4A5E9492B8E8721007A213D /* Assets.xcassets in Resources */,
			);
			runOnlyForDeploymentPostprocessing = 0;
		};
/* End PBXResourcesBuildPhase section */

/* Begin PBXSourcesBuildPhase section */
		E4A5E9382B8E8720007A213D /* Sources */ = {
			isa = PBXSourcesBuildPhase;
			buildActionMask = 2147483647;
			files = (
				E4EE1DE02B934BFD00E30292 /* TitleTableViewCell.swift in Sources */,
				E478DAF92B8F73CB00BC24AB /* SearchViewController.swift in Sources */,
				E4385BFC2B911D7400C3C5E3 /* TitleCollectionViewCell.swift in Sources */,
				E4A5E9442B8E8720007A213D /* MainTabViewController.swift in Sources */,
				E478DAFF2B8F743B00BC24AB /* CollectionViewTableViewCell.swift in Sources */,
				E4DF23EF2B90F8BA00401B6A /* APICaller.swift in Sources */,
				E478DAFA2B8F73CB00BC24AB /* DownloadsViewController.swift in Sources */,
				E4E1B3CD2B8F854D00FE357A /* HeroHeaderView.swift in Sources */,
				E4A5E9402B8E8720007A213D /* AppDelegate.swift in Sources */,
				E4A3E5892B93C0360061EBBF /* SearchResultsViewController.swift in Sources */,
				E4DF23F52B91040200401B6A /* Extensions.swift in Sources */,
				E4A5E9422B8E8720007A213D /* SceneDelegate.swift in Sources */,
				E478DAF82B8F73CB00BC24AB /* UpcomingViewController.swift in Sources */,
				E4DF23F22B90FFA000401B6A /* Title.swift in Sources */,
				E478DAF72B8F73CB00BC24AB /* HomeViewController.swift in Sources */,
				E4EE1DE22B934F9700E30292 /* TitleViewModel.swift in Sources */,
			);
			runOnlyForDeploymentPostprocessing = 0;
		};
/* End PBXSourcesBuildPhase section */

/* Begin XCBuildConfiguration section */
		E4A5E94E2B8E8721007A213D /* Debug */ = {
			isa = XCBuildConfiguration;
			buildSettings = {
				ALWAYS_SEARCH_USER_PATHS = NO;
				ASSETCATALOG_COMPILER_GENERATE_SWIFT_ASSET_SYMBOL_EXTENSIONS = YES;
				CLANG_ANALYZER_NONNULL = YES;
				CLANG_ANALYZER_NUMBER_OBJECT_CONVERSION = YES_AGGRESSIVE;
				CLANG_CXX_LANGUAGE_STANDARD = "gnu++20";
				CLANG_ENABLE_MODULES = YES;
				CLANG_ENABLE_OBJC_ARC = YES;
				CLANG_ENABLE_OBJC_WEAK = YES;
				CLANG_WARN_BLOCK_CAPTURE_AUTORELEASING = YES;
				CLANG_WARN_BOOL_CONVERSION = YES;
				CLANG_WARN_COMMA = YES;
				CLANG_WARN_CONSTANT_CONVERSION = YES;
				CLANG_WARN_DEPRECATED_OBJC_IMPLEMENTATIONS = YES;
				CLANG_WARN_DIRECT_OBJC_ISA_USAGE = YES_ERROR;
				CLANG_WARN_DOCUMENTATION_COMMENTS = YES;
				CLANG_WARN_EMPTY_BODY = YES;
				CLANG_WARN_ENUM_CONVERSION = YES;
				CLANG_WARN_INFINITE_RECURSION = YES;
				CLANG_WARN_INT_CONVERSION = YES;
				CLANG_WARN_NON_LITERAL_NULL_CONVERSION = YES;
				CLANG_WARN_OBJC_IMPLICIT_RETAIN_SELF = YES;
				CLANG_WARN_OBJC_LITERAL_CONVERSION = YES;
				CLANG_WARN_OBJC_ROOT_CLASS = YES_ERROR;
				CLANG_WARN_QUOTED_INCLUDE_IN_FRAMEWORK_HEADER = YES;
				CLANG_WARN_RANGE_LOOP_ANALYSIS = YES;
				CLANG_WARN_STRICT_PROTOTYPES = YES;
				CLANG_WARN_SUSPICIOUS_MOVE = YES;
				CLANG_WARN_UNGUARDED_AVAILABILITY = YES_AGGRESSIVE;
				CLANG_WARN_UNREACHABLE_CODE = YES;
				CLANG_WARN__DUPLICATE_METHOD_MATCH = YES;
				COPY_PHASE_STRIP = NO;
				DEBUG_INFORMATION_FORMAT = dwarf;
				ENABLE_STRICT_OBJC_MSGSEND = YES;
				ENABLE_TESTABILITY = YES;
				ENABLE_USER_SCRIPT_SANDBOXING = YES;
				GCC_C_LANGUAGE_STANDARD = gnu17;
				GCC_DYNAMIC_NO_PIC = NO;
				GCC_NO_COMMON_BLOCKS = YES;
				GCC_OPTIMIZATION_LEVEL = 0;
				GCC_PREPROCESSOR_DEFINITIONS = (
					"DEBUG=1",
					"$(inherited)",
				);
				GCC_WARN_64_TO_32_BIT_CONVERSION = YES;
				GCC_WARN_ABOUT_RETURN_TYPE = YES_ERROR;
				GCC_WARN_UNDECLARED_SELECTOR = YES;
				GCC_WARN_UNINITIALIZED_AUTOS = YES_AGGRESSIVE;
				GCC_WARN_UNUSED_FUNCTION = YES;
				GCC_WARN_UNUSED_VARIABLE = YES;
				IPHONEOS_DEPLOYMENT_TARGET = 17.2;
				LOCALIZATION_PREFERS_STRING_CATALOGS = YES;
				MTL_ENABLE_DEBUG_INFO = INCLUDE_SOURCE;
				MTL_FAST_MATH = YES;
				ONLY_ACTIVE_ARCH = YES;
				SDKROOT = iphoneos;
				SWIFT_ACTIVE_COMPILATION_CONDITIONS = "DEBUG $(inherited)";
				SWIFT_OPTIMIZATION_LEVEL = "-Onone";
			};
			name = Debug;
		};
		E4A5E94F2B8E8721007A213D /* Release */ = {
			isa = XCBuildConfiguration;
			buildSettings = {
				ALWAYS_SEARCH_USER_PATHS = NO;
				ASSETCATALOG_COMPILER_GENERATE_SWIFT_ASSET_SYMBOL_EXTENSIONS = YES;
				CLANG_ANALYZER_NONNULL = YES;
				CLANG_ANALYZER_NUMBER_OBJECT_CONVERSION = YES_AGGRESSIVE;
				CLANG_CXX_LANGUAGE_STANDARD = "gnu++20";
				CLANG_ENABLE_MODULES = YES;
				CLANG_ENABLE_OBJC_ARC = YES;
				CLANG_ENABLE_OBJC_WEAK = YES;
				CLANG_WARN_BLOCK_CAPTURE_AUTORELEASING = YES;
				CLANG_WARN_BOOL_CONVERSION = YES;
				CLANG_WARN_COMMA = YES;
				CLANG_WARN_CONSTANT_CONVERSION = YES;
				CLANG_WARN_DEPRECATED_OBJC_IMPLEMENTATIONS = YES;
				CLANG_WARN_DIRECT_OBJC_ISA_USAGE = YES_ERROR;
				CLANG_WARN_DOCUMENTATION_COMMENTS = YES;
				CLANG_WARN_EMPTY_BODY = YES;
				CLANG_WARN_ENUM_CONVERSION = YES;
				CLANG_WARN_INFINITE_RECURSION = YES;
				CLANG_WARN_INT_CONVERSION = YES;
				CLANG_WARN_NON_LITERAL_NULL_CONVERSION = YES;
				CLANG_WARN_OBJC_IMPLICIT_RETAIN_SELF = YES;
				CLANG_WARN_OBJC_LITERAL_CONVERSION = YES;
				CLANG_WARN_OBJC_ROOT_CLASS = YES_ERROR;
				CLANG_WARN_QUOTED_INCLUDE_IN_FRAMEWORK_HEADER = YES;
				CLANG_WARN_RANGE_LOOP_ANALYSIS = YES;
				CLANG_WARN_STRICT_PROTOTYPES = YES;
				CLANG_WARN_SUSPICIOUS_MOVE = YES;
				CLANG_WARN_UNGUARDED_AVAILABILITY = YES_AGGRESSIVE;
				CLANG_WARN_UNREACHABLE_CODE = YES;
				CLANG_WARN__DUPLICATE_METHOD_MATCH = YES;
				COPY_PHASE_STRIP = NO;
				DEBUG_INFORMATION_FORMAT = "dwarf-with-dsym";
				ENABLE_NS_ASSERTIONS = NO;
				ENABLE_STRICT_OBJC_MSGSEND = YES;
				ENABLE_USER_SCRIPT_SANDBOXING = YES;
				GCC_C_LANGUAGE_STANDARD = gnu17;
				GCC_NO_COMMON_BLOCKS = YES;
				GCC_WARN_64_TO_32_BIT_CONVERSION = YES;
				GCC_WARN_ABOUT_RETURN_TYPE = YES_ERROR;
				GCC_WARN_UNDECLARED_SELECTOR = YES;
				GCC_WARN_UNINITIALIZED_AUTOS = YES_AGGRESSIVE;
				GCC_WARN_UNUSED_FUNCTION = YES;
				GCC_WARN_UNUSED_VARIABLE = YES;
				IPHONEOS_DEPLOYMENT_TARGET = 17.2;
				LOCALIZATION_PREFERS_STRING_CATALOGS = YES;
				MTL_ENABLE_DEBUG_INFO = NO;
				MTL_FAST_MATH = YES;
				SDKROOT = iphoneos;
				SWIFT_COMPILATION_MODE = wholemodule;
				VALIDATE_PRODUCT = YES;
			};
			name = Release;
		};
		E4A5E9512B8E8721007A213D /* Debug */ = {
			isa = XCBuildConfiguration;
			buildSettings = {
				ASSETCATALOG_COMPILER_APPICON_NAME = AppIcon;
				ASSETCATALOG_COMPILER_GLOBAL_ACCENT_COLOR_NAME = AccentColor;
				CODE_SIGN_STYLE = Automatic;
				CURRENT_PROJECT_VERSION = 1;
				DEVELOPMENT_TEAM = HYB4RR9UDF;
				GENERATE_INFOPLIST_FILE = YES;
				INFOPLIST_FILE = "Netflix Clone/Info.plist";
				INFOPLIST_KEY_UIApplicationSupportsIndirectInputEvents = YES;
				INFOPLIST_KEY_UILaunchStoryboardName = LaunchScreen;
				INFOPLIST_KEY_UISupportedInterfaceOrientations_iPad = "UIInterfaceOrientationPortrait UIInterfaceOrientationPortraitUpsideDown UIInterfaceOrientationLandscapeLeft UIInterfaceOrientationLandscapeRight";
				INFOPLIST_KEY_UISupportedInterfaceOrientations_iPhone = "UIInterfaceOrientationPortrait UIInterfaceOrientationLandscapeLeft UIInterfaceOrientationLandscapeRight";
				LD_RUNPATH_SEARCH_PATHS = (
					"$(inherited)",
					"@executable_path/Frameworks",
				);
				MARKETING_VERSION = 1.0;
				PRODUCT_BUNDLE_IDENTIFIER = "dardar.Netflix-Clone";
				PRODUCT_NAME = "$(TARGET_NAME)";
				SWIFT_EMIT_LOC_STRINGS = YES;
				SWIFT_VERSION = 5.0;
				TARGETED_DEVICE_FAMILY = "1,2";
			};
			name = Debug;
		};
		E4A5E9522B8E8721007A213D /* Release */ = {
			isa = XCBuildConfiguration;
			buildSettings = {
				ASSETCATALOG_COMPILER_APPICON_NAME = AppIcon;
				ASSETCATALOG_COMPILER_GLOBAL_ACCENT_COLOR_NAME = AccentColor;
				CODE_SIGN_STYLE = Automatic;
				CURRENT_PROJECT_VERSION = 1;
				DEVELOPMENT_TEAM = HYB4RR9UDF;
				GENERATE_INFOPLIST_FILE = YES;
				INFOPLIST_FILE = "Netflix Clone/Info.plist";
				INFOPLIST_KEY_UIApplicationSupportsIndirectInputEvents = YES;
				INFOPLIST_KEY_UILaunchStoryboardName = LaunchScreen;
				INFOPLIST_KEY_UISupportedInterfaceOrientations_iPad = "UIInterfaceOrientationPortrait UIInterfaceOrientationPortraitUpsideDown UIInterfaceOrientationLandscapeLeft UIInterfaceOrientationLandscapeRight";
				INFOPLIST_KEY_UISupportedInterfaceOrientations_iPhone = "UIInterfaceOrientationPortrait UIInterfaceOrientationLandscapeLeft UIInterfaceOrientationLandscapeRight";
				LD_RUNPATH_SEARCH_PATHS = (
					"$(inherited)",
					"@executable_path/Frameworks",
				);
				MARKETING_VERSION = 1.0;
				PRODUCT_BUNDLE_IDENTIFIER = "dardar.Netflix-Clone";
				PRODUCT_NAME = "$(TARGET_NAME)";
				SWIFT_EMIT_LOC_STRINGS = YES;
				SWIFT_VERSION = 5.0;
				TARGETED_DEVICE_FAMILY = "1,2";
			};
			name = Release;
		};
/* End XCBuildConfiguration section */

/* Begin XCConfigurationList section */
		E4A5E9372B8E8720007A213D /* Build configuration list for PBXProject "Netflix Clone" */ = {
			isa = XCConfigurationList;
			buildConfigurations = (
				E4A5E94E2B8E8721007A213D /* Debug */,
				E4A5E94F2B8E8721007A213D /* Release */,
			);
			defaultConfigurationIsVisible = 0;
			defaultConfigurationName = Release;
		};
		E4A5E9502B8E8721007A213D /* Build configuration list for PBXNativeTarget "Netflix Clone" */ = {
			isa = XCConfigurationList;
			buildConfigurations = (
				E4A5E9512B8E8721007A213D /* Debug */,
				E4A5E9522B8E8721007A213D /* Release */,
			);
			defaultConfigurationIsVisible = 0;
			defaultConfigurationName = Release;
		};
/* End XCConfigurationList section */

/* Begin XCRemoteSwiftPackageReference section */
		E4385BFD2B911F8800C3C5E3 /* XCRemoteSwiftPackageReference "SDWebImage" */ = {
			isa = XCRemoteSwiftPackageReference;
			repositoryURL = "https://github.com/SDWebImage/SDWebImage.git";
			requirement = {
				kind = upToNextMajorVersion;
				minimumVersion = 5.19.0;
			};
		};
/* End XCRemoteSwiftPackageReference section */

/* Begin XCSwiftPackageProductDependency section */
		E4385BFE2B911F8800C3C5E3 /* SDWebImage */ = {
			isa = XCSwiftPackageProductDependency;
			package = E4385BFD2B911F8800C3C5E3 /* XCRemoteSwiftPackageReference "SDWebImage" */;
			productName = SDWebImage;
		};
		E4385C002B911F8800C3C5E3 /* SDWebImageMapKit */ = {
			isa = XCSwiftPackageProductDependency;
			package = E4385BFD2B911F8800C3C5E3 /* XCRemoteSwiftPackageReference "SDWebImage" */;
			productName = SDWebImageMapKit;
		};
/* End XCSwiftPackageProductDependency section */
	};
	rootObject = E4A5E9342B8E8720007A213D /* Project object */;
}
